
Microsoft Visual Studio Solution File, Format Version 12.00
# Visual Studio Version 16
VisualStudioVersion = 16.0.30803.129
MinimumVisualStudioVersion = 10.0.40219.1
Project("{FAE04EC0-301F-11D3-BF4B-00C04F79EFBC}") = "Guards", "Guards\Guards.csproj", "{D8B8589E-3C8D-419B-B7FE-C638D4450667}"
EndProject
Global
	GlobalSection(SolutionConfigurationPlatforms) = preSolution
		Debug|Any CPU = Debug|Any CPU
		Release|Any CPU = Release|Any CPU
	EndGlobalSection
	GlobalSection(ProjectConfigurationPlatforms) = postSolution
		{D8B8589E-3C8D-419B-B7FE-C638D4450667}.Debug|Any CPU.ActiveCfg = Debug|Any CPU
		{D8B8589E-3C8D-419B-B7FE-C638D4450667}.Debug|Any CPU.Build.0 = Debug|Any CPU
		{D8B8589E-3C8D-419B-B7FE-C638D4450667}.Release|Any CPU.ActiveCfg = Release|Any CPU
		{D8B8589E-3C8D-419B-B7FE-C638D4450667}.Release|Any CPU.Build.0 = Release|Any CPU
	EndGlobalSection
	GlobalSection(SolutionProperties) = preSolution
		HideSolutionNode = FALSE
	EndGlobalSection
	GlobalSection(ExtensibilityGlobals) = postSolution
		SolutionGuid = {62946DF4-5809-40DD-AC81-21589D14B16D}
	EndGlobalSection
EndGlobal
